
Microsoft Visual Studio Solution File, Format Version 12.00
# Visual Studio 15
VisualStudioVersion = 15.0.27004.2002
MinimumVisualStudioVersion = 10.0.40219.1
Project("{2150E333-8FDC-42A3-9474-1A3956D46DE8}") = "Engine", "Engine", "{CD96D29C-913B-42ED-937A-51CC18F23DEB}"
EndProject
Project("{2150E333-8FDC-42A3-9474-1A3956D46DE8}") = "Games", "Games", "{C98F1387-E5D6-402C-B63A-0C5BF49768B8}"
EndProject
Project("{8BC9CEB8-8B4A-11D0-8D11-00A0C91BC942}") = "UE4", "Intermediate\ProjectFiles\UE4.vcxproj", "{68A5148A-A5E6-45F8-98F1-1C1707B6FF81}"
EndProject
Project("{8BC9CEB8-8B4A-11D0-8D11-00A0C91BC942}") = "EscapeTheRoom", "Intermediate\ProjectFiles\EscapeTheRoom.vcxproj", "{AB91999F-545E-4C70-8807-7BB1A0D254BE}"
EndProject
Global
	GlobalSection(SolutionConfigurationPlatforms) = preSolution
		DebugGame Editor|HTML5 = DebugGame Editor|HTML5
		DebugGame Editor|IOS = DebugGame Editor|IOS
		DebugGame Editor|Win32 = DebugGame Editor|Win32
		DebugGame Editor|Win64 = DebugGame Editor|Win64
		DebugGame|HTML5 = DebugGame|HTML5
		DebugGame|IOS = DebugGame|IOS
		DebugGame|Win32 = DebugGame|Win32
		DebugGame|Win64 = DebugGame|Win64
		Development Editor|HTML5 = Development Editor|HTML5
		Development Editor|IOS = Development Editor|IOS
		Development Editor|Win32 = Development Editor|Win32
		Development Editor|Win64 = Development Editor|Win64
		Development|HTML5 = Development|HTML5
		Development|IOS = Development|IOS
		Development|Win32 = Development|Win32
		Development|Win64 = Development|Win64
		Shipping|HTML5 = Shipping|HTML5
		Shipping|IOS = Shipping|IOS
		Shipping|Win32 = Shipping|Win32
		Shipping|Win64 = Shipping|Win64
	EndGlobalSection
	GlobalSection(ProjectConfigurationPlatforms) = postSolution
		{68A5148A-A5E6-45F8-98F1-1C1707B6FF81}.DebugGame Editor|HTML5.ActiveCfg = BuiltWithUnrealBuildTool|Win32
		{68A5148A-A5E6-45F8-98F1-1C1707B6FF81}.DebugGame Editor|HTML5.Build.0 = BuiltWithUnrealBuildTool|Win32
		{68A5148A-A5E6-45F8-98F1-1C1707B6FF81}.DebugGame Editor|IOS.ActiveCfg = BuiltWithUnrealBuildTool|Win32
		{68A5148A-A5E6-45F8-98F1-1C1707B6FF81}.DebugGame Editor|IOS.Build.0 = BuiltWithUnrealBuildTool|Win32
		{68A5148A-A5E6-45F8-98F1-1C1707B6FF81}.DebugGame Editor|Win32.ActiveCfg = BuiltWithUnrealBuildTool|Win32
		{68A5148A-A5E6-45F8-98F1-1C1707B6FF81}.DebugGame Editor|Win32.Build.0 = BuiltWithUnrealBuildTool|Win32
		{68A5148A-A5E6-45F8-98F1-1C1707B6FF81}.DebugGame Editor|Win64.ActiveCfg = BuiltWithUnrealBuildTool|Win32
		{68A5148A-A5E6-45F8-98F1-1C1707B6FF81}.DebugGame Editor|Win64.Build.0 = BuiltWithUnrealBuildTool|Win32
		{68A5148A-A5E6-45F8-98F1-1C1707B6FF81}.DebugGame|HTML5.ActiveCfg = BuiltWithUnrealBuildTool|Win32
		{68A5148A-A5E6-45F8-98F1-1C1707B6FF81}.DebugGame|HTML5.Build.0 = BuiltWithUnrealBuildTool|Win32
		{68A5148A-A5E6-45F8-98F1-1C1707B6FF81}.DebugGame|IOS.ActiveCfg = BuiltWithUnrealBuildTool|Win32
		{68A5148A-A5E6-45F8-98F1-1C1707B6FF81}.DebugGame|IOS.Build.0 = BuiltWithUnrealBuildTool|Win32
		{68A5148A-A5E6-45F8-98F1-1C1707B6FF81}.DebugGame|Win32.ActiveCfg = BuiltWithUnrealBuildTool|Win32
		{68A5148A-A5E6-45F8-98F1-1C1707B6FF81}.DebugGame|Win32.Build.0 = BuiltWithUnrealBuildTool|Win32
		{68A5148A-A5E6-45F8-98F1-1C1707B6FF81}.DebugGame|Win64.ActiveCfg = BuiltWithUnrealBuildTool|Win32
		{68A5148A-A5E6-45F8-98F1-1C1707B6FF81}.DebugGame|Win64.Build.0 = BuiltWithUnrealBuildTool|Win32
		{68A5148A-A5E6-45F8-98F1-1C1707B6FF81}.Development Editor|HTML5.ActiveCfg = BuiltWithUnrealBuildTool|Win32
		{68A5148A-A5E6-45F8-98F1-1C1707B6FF81}.Development Editor|HTML5.Build.0 = BuiltWithUnrealBuildTool|Win32
		{68A5148A-A5E6-45F8-98F1-1C1707B6FF81}.Development Editor|IOS.ActiveCfg = BuiltWithUnrealBuildTool|Win32
		{68A5148A-A5E6-45F8-98F1-1C1707B6FF81}.Development Editor|IOS.Build.0 = BuiltWithUnrealBuildTool|Win32
		{68A5148A-A5E6-45F8-98F1-1C1707B6FF81}.Development Editor|Win32.ActiveCfg = BuiltWithUnrealBuildTool|Win32
		{68A5148A-A5E6-45F8-98F1-1C1707B6FF81}.Development Editor|Win32.Build.0 = BuiltWithUnrealBuildTool|Win32
		{68A5148A-A5E6-45F8-98F1-1C1707B6FF81}.Development Editor|Win64.ActiveCfg = BuiltWithUnrealBuildTool|Win32
		{68A5148A-A5E6-45F8-98F1-1C1707B6FF81}.Development Editor|Win64.Build.0 = BuiltWithUnrealBuildTool|Win32
		{68A5148A-A5E6-45F8-98F1-1C1707B6FF81}.Development|HTML5.ActiveCfg = BuiltWithUnrealBuildTool|Win32
		{68A5148A-A5E6-45F8-98F1-1C1707B6FF81}.Development|HTML5.Build.0 = BuiltWithUnrealBuildTool|Win32
		{68A5148A-A5E6-45F8-98F1-1C1707B6FF81}.Development|IOS.ActiveCfg = BuiltWithUnrealBuildTool|Win32
		{68A5148A-A5E6-45F8-98F1-1C1707B6FF81}.Development|IOS.Build.0 = BuiltWithUnrealBuildTool|Win32
		{68A5148A-A5E6-45F8-98F1-1C1707B6FF81}.Development|Win32.ActiveCfg = BuiltWithUnrealBuildTool|Win32
		{68A5148A-A5E6-45F8-98F1-1C1707B6FF81}.Development|Win32.Build.0 = BuiltWithUnrealBuildTool|Win32
		{68A5148A-A5E6-45F8-98F1-1C1707B6FF81}.Development|Win64.ActiveCfg = BuiltWithUnrealBuildTool|Win32
		{68A5148A-A5E6-45F8-98F1-1C1707B6FF81}.Development|Win64.Build.0 = BuiltWithUnrealBuildTool|Win32
		{68A5148A-A5E6-45F8-98F1-1C1707B6FF81}.Shipping|HTML5.ActiveCfg = BuiltWithUnrealBuildTool|Win32
		{68A5148A-A5E6-45F8-98F1-1C1707B6FF81}.Shipping|HTML5.Build.0 = BuiltWithUnrealBuildTool|Win32
		{68A5148A-A5E6-45F8-98F1-1C1707B6FF81}.Shipping|IOS.ActiveCfg = BuiltWithUnrealBuildTool|Win32
		{68A5148A-A5E6-45F8-98F1-1C1707B6FF81}.Shipping|IOS.Build.0 = BuiltWithUnrealBuildTool|Win32
		{68A5148A-A5E6-45F8-98F1-1C1707B6FF81}.Shipping|Win32.ActiveCfg = BuiltWithUnrealBuildTool|Win32
		{68A5148A-A5E6-45F8-98F1-1C1707B6FF81}.Shipping|Win32.Build.0 = BuiltWithUnrealBuildTool|Win32
		{68A5148A-A5E6-45F8-98F1-1C1707B6FF81}.Shipping|Win64.ActiveCfg = BuiltWithUnrealBuildTool|Win32
		{68A5148A-A5E6-45F8-98F1-1C1707B6FF81}.Shipping|Win64.Build.0 = BuiltWithUnrealBuildTool|Win32
		{AB91999F-545E-4C70-8807-7BB1A0D254BE}.DebugGame Editor|HTML5.ActiveCfg = HTML5_DebugGame_Editor|Win32
		{AB91999F-545E-4C70-8807-7BB1A0D254BE}.DebugGame Editor|IOS.ActiveCfg = IOS_DebugGame_Editor|Win32
		{AB91999F-545E-4C70-8807-7BB1A0D254BE}.DebugGame Editor|Win32.ActiveCfg = DebugGame_Editor|Win32
		{AB91999F-545E-4C70-8807-7BB1A0D254BE}.DebugGame Editor|Win64.ActiveCfg = DebugGame_Editor|x64
		{AB91999F-545E-4C70-8807-7BB1A0D254BE}.DebugGame Editor|Win64.Build.0 = DebugGame_Editor|x64
		{AB91999F-545E-4C70-8807-7BB1A0D254BE}.DebugGame|HTML5.ActiveCfg = HTML5_DebugGame_Game|Win32
		{AB91999F-545E-4C70-8807-7BB1A0D254BE}.DebugGame|HTML5.Build.0 = HTML5_DebugGame_Game|Win32
		{AB91999F-545E-4C70-8807-7BB1A0D254BE}.DebugGame|IOS.ActiveCfg = IOS_DebugGame_Game|Win32
		{AB91999F-545E-4C70-8807-7BB1A0D254BE}.DebugGame|IOS.Build.0 = IOS_DebugGame_Game|Win32
		{AB91999F-545E-4C70-8807-7BB1A0D254BE}.DebugGame|Win32.ActiveCfg = DebugGame_Game|Win32
		{AB91999F-545E-4C70-8807-7BB1A0D254BE}.DebugGame|Win32.Build.0 = DebugGame_Game|Win32
		{AB91999F-545E-4C70-8807-7BB1A0D254BE}.DebugGame|Win64.ActiveCfg = DebugGame_Game|x64
		{AB91999F-545E-4C70-8807-7BB1A0D254BE}.DebugGame|Win64.Build.0 = DebugGame_Game|x64
		{AB91999F-545E-4C70-8807-7BB1A0D254BE}.Development Editor|HTML5.ActiveCfg = HTML5_Development_Editor|Win32
		{AB91999F-545E-4C70-8807-7BB1A0D254BE}.Development Editor|IOS.ActiveCfg = IOS_Development_Editor|Win32
		{AB91999F-545E-4C70-8807-7BB1A0D254BE}.Development Editor|Win32.ActiveCfg = Development_Editor|Win32
		{AB91999F-545E-4C70-8807-7BB1A0D254BE}.Development Editor|Win64.ActiveCfg = Development_Editor|x64
		{AB91999F-545E-4C70-8807-7BB1A0D254BE}.Development Editor|Win64.Build.0 = Development_Editor|x64
		{AB91999F-545E-4C70-8807-7BB1A0D254BE}.Development|HTML5.ActiveCfg = HTML5_Development_Game|Win32
		{AB91999F-545E-4C70-8807-7BB1A0D254BE}.Development|HTML5.Build.0 = HTML5_Development_Game|Win32
		{AB91999F-545E-4C70-8807-7BB1A0D254BE}.Development|IOS.ActiveCfg = IOS_Development_Game|Win32
		{AB91999F-545E-4C70-8807-7BB1A0D254BE}.Development|IOS.Build.0 = IOS_Development_Game|Win32
		{AB91999F-545E-4C70-8807-7BB1A0D254BE}.Development|Win32.ActiveCfg = Development_Game|Win32
		{AB91999F-545E-4C70-8807-7BB1A0D254BE}.Development|Win32.Build.0 = Development_Game|Win32
		{AB91999F-545E-4C70-8807-7BB1A0D254BE}.Development|Win64.ActiveCfg = Development_Game|x64
		{AB91999F-545E-4C70-8807-7BB1A0D254BE}.Development|Win64.Build.0 = Development_Game|x64
		{AB91999F-545E-4C70-8807-7BB1A0D254BE}.Shipping|HTML5.ActiveCfg = HTML5_Shipping_Game|Win32
		{AB91999F-545E-4C70-8807-7BB1A0D254BE}.Shipping|HTML5.Build.0 = HTML5_Shipping_Game|Win32
		{AB91999F-545E-4C70-8807-7BB1A0D254BE}.Shipping|IOS.ActiveCfg = IOS_Shipping_Game|Win32
		{AB91999F-545E-4C70-8807-7BB1A0D254BE}.Shipping|IOS.Build.0 = IOS_Shipping_Game|Win32
		{AB91999F-545E-4C70-8807-7BB1A0D254BE}.Shipping|Win32.ActiveCfg = Shipping_Game|Win32
		{AB91999F-545E-4C70-8807-7BB1A0D254BE}.Shipping|Win32.Build.0 = Shipping_Game|Win32
		{AB91999F-545E-4C70-8807-7BB1A0D254BE}.Shipping|Win64.ActiveCfg = Shipping_Game|x64
		{AB91999F-545E-4C70-8807-7BB1A0D254BE}.Shipping|Win64.Build.0 = Shipping_Game|x64
	EndGlobalSection
	GlobalSection(SolutionProperties) = preSolution
		HideSolutionNode = FALSE
	EndGlobalSection
	GlobalSection(NestedProjects) = preSolution
		{68A5148A-A5E6-45F8-98F1-1C1707B6FF81} = {CD96D29C-913B-42ED-937A-51CC18F23DEB}
		{AB91999F-545E-4C70-8807-7BB1A0D254BE} = {C98F1387-E5D6-402C-B63A-0C5BF49768B8}
	EndGlobalSection
	GlobalSection(ExtensibilityGlobals) = postSolution
		SolutionGuid = {93025BDF-CF4D-4AF6-B447-2B4F635A624C}
	EndGlobalSection
EndGlobal
